
Microsoft Visual Studio Solution File, Format Version 12.00
# Visual Studio Version 17
VisualStudioVersion = 17.8.34511.84
MinimumVisualStudioVersion = 10.0.40219.1
Project("{FAE04EC0-301F-11D3-BF4B-00C04F79EFBC}") = "MaBibliotheque", "MaBibliotheque\MaBibliotheque.csproj", "{0A4C12D3-2E12-4F24-ABEE-1B91CEDB7B0B}"
EndProject
Global
	GlobalSection(SolutionConfigurationPlatforms) = preSolution
		Debug|Any CPU = Debug|Any CPU
		Release|Any CPU = Release|Any CPU
	EndGlobalSection
	GlobalSection(ProjectConfigurationPlatforms) = postSolution
		{0A4C12D3-2E12-4F24-ABEE-1B91CEDB7B0B}.Debug|Any CPU.ActiveCfg = Debug|Any CPU
		{0A4C12D3-2E12-4F24-ABEE-1B91CEDB7B0B}.Debug|Any CPU.Build.0 = Debug|Any CPU
		{0A4C12D3-2E12-4F24-ABEE-1B91CEDB7B0B}.Release|Any CPU.ActiveCfg = Release|Any CPU
		{0A4C12D3-2E12-4F24-ABEE-1B91CEDB7B0B}.Release|Any CPU.Build.0 = Release|Any CPU
	EndGlobalSection
	GlobalSection(SolutionProperties) = preSolution
		HideSolutionNode = FALSE
	EndGlobalSection
	GlobalSection(ExtensibilityGlobals) = postSolution
		SolutionGuid = {65B4470A-9533-4023-80D5-7ECAC4B02550}
	EndGlobalSection
EndGlobal
